
Microsoft Visual Studio Solution File, Format Version 12.00
# Visual Studio Version 16
VisualStudioVersion = 16.0.29806.167
MinimumVisualStudioVersion = 10.0.40219.1
Project("{9A19103F-16F7-4668-BE54-9A1E7A4F7556}") = "AcquaJrApplication", "AcquaJrApplication.csproj", "{9561B546-6A3C-440D-A76B-A338FF6A8FA7}"
EndProject
Global
	GlobalSection(SolutionConfigurationPlatforms) = preSolution
		Debug|Any CPU = Debug|Any CPU
		Release|Any CPU = Release|Any CPU
	EndGlobalSection
	GlobalSection(ProjectConfigurationPlatforms) = postSolution
		{9561B546-6A3C-440D-A76B-A338FF6A8FA7}.Debug|Any CPU.ActiveCfg = Debug|Any CPU
		{9561B546-6A3C-440D-A76B-A338FF6A8FA7}.Debug|Any CPU.Build.0 = Debug|Any CPU
		{9561B546-6A3C-440D-A76B-A338FF6A8FA7}.Release|Any CPU.ActiveCfg = Release|Any CPU
		{9561B546-6A3C-440D-A76B-A338FF6A8FA7}.Release|Any CPU.Build.0 = Release|Any CPU
	EndGlobalSection
	GlobalSection(SolutionProperties) = preSolution
		HideSolutionNode = FALSE
	EndGlobalSection
	GlobalSection(ExtensibilityGlobals) = postSolution
		SolutionGuid = {4736F695-BDCF-4B99-B6AB-778F3E8E21F2}
	EndGlobalSection
EndGlobal
